// !$*UTF8*$!
{
	archiveVersion = 1;
	classes = {
	};
	objectVersion = 77;
	objects = {

/* Begin PBXContainerItemProxy section */
		DB4B739A2E7F62FC00757E30 /* PBXContainerItemProxy */ = {
			isa = PBXContainerItemProxy;
			containerPortal = DB4B73802E7F62FA00757E30 /* Project object */;
			proxyType = 1;
			remoteGlobalIDString = DB4B73872E7F62FA00757E30;
			remoteInfo = GPUCacheEvictor;
		};
		DB4B73A42E7F62FC00757E30 /* PBXContainerItemProxy */ = {
			isa = PBXContainerItemProxy;
			containerPortal = DB4B73802E7F62FA00757E30 /* Project object */;
			proxyType = 1;
			remoteGlobalIDString = DB4B73872E7F62FA00757E30;
			remoteInfo = GPUCacheEvictor;
		};
/* End PBXContainerItemProxy section */

/* Begin PBXFileReference section */
		DB4B73882E7F62FA00757E30 /* GPUCacheEvictor.app */ = {isa = PBXFileReference; explicitFileType = wrapper.application; includeInIndex = 0; path = GPUCacheEvictor.app; sourceTree = BUILT_PRODUCTS_DIR; };
		DB4B73992E7F62FC00757E30 /* GPUCacheEvictorTests.xctest */ = {isa = PBXFileReference; explicitFileType = wrapper.cfbundle; includeInIndex = 0; path = GPUCacheEvictorTests.xctest; sourceTree = BUILT_PRODUCTS_DIR; };
		DB4B73A32E7F62FC00757E30 /* GPUCacheEvictorUITests.xctest */ = {isa = PBXFileReference; explicitFileType = wrapper.cfbundle; includeInIndex = 0; path = GPUCacheEvictorUITests.xctest; sourceTree = BUILT_PRODUCTS_DIR; };
/* End PBXFileReference section */

/* Begin PBXFileSystemSynchronizedRootGroup section */
		DB4B738A2E7F62FA00757E30 /* GPUCacheEvictor */ = {
			isa = PBXFileSystemSynchronizedRootGroup;
			path = GPUCacheEvictor;
			sourceTree = "<group>";
		};
		DB4B739C2E7F62FC00757E30 /* GPUCacheEvictorTests */ = {
			isa = PBXFileSystemSynchronizedRootGroup;
			path = GPUCacheEvictorTests;
			sourceTree = "<group>";
		};
		DB4B73A62E7F62FC00757E30 /* GPUCacheEvictorUITests */ = {
			isa = PBXFileSystemSynchronizedRootGroup;
			path = GPUCacheEvictorUITests;
			sourceTree = "<group>";
		};
/* End PBXFileSystemSynchronizedRootGroup section */

/* Begin PBXFrameworksBuildPhase section */
		DB4B73852E7F62FA00757E30 /* Frameworks */ = {
			isa = PBXFrameworksBuildPhase;
			buildActionMask = 2147483647;
			files = (
			);
			runOnlyForDeploymentPostprocessing = 0;
		};
		DB4B73962E7F62FC00757E30 /* Frameworks */ = {
			isa = PBXFrameworksBuildPhase;
			buildActionMask = 2147483647;
			files = (
			);
			runOnlyForDeploymentPostprocessing = 0;
		};
		DB4B73A02E7F62FC00757E30 /* Frameworks */ = {
			isa = PBXFrameworksBuildPhase;
			buildActionMask = 2147483647;
			files = (
			);
			runOnlyForDeploymentPostprocessing = 0;
		};
/* End PBXFrameworksBuildPhase section */

/* Begin PBXGroup section */
		DB4B737F2E7F62FA00757E30 = {
			isa = PBXGroup;
			children = (
				DB4B738A2E7F62FA00757E30 /* GPUCacheEvictor */,
				DB4B739C2E7F62FC00757E30 /* GPUCacheEvictorTests */,
				DB4B73A62E7F62FC00757E30 /* GPUCacheEvictorUITests */,
				DB4B73892E7F62FA00757E30 /* Products */,
			);
			sourceTree = "<group>";
		};
		DB4B73892E7F62FA00757E30 /* Products */ = {
			isa = PBXGroup;
			children = (
				DB4B73882E7F62FA00757E30 /* GPUCacheEvictor.app */,
				DB4B73992E7F62FC00757E30 /* GPUCacheEvictorTests.xctest */,
				DB4B73A32E7F62FC00757E30 /* GPUCacheEvictorUITests.xctest */,
			);
			name = Products;
			sourceTree = "<group>";
		};
/* End PBXGroup section */

/* Begin PBXNativeTarget section */
		DB4B73872E7F62FA00757E30 /* GPUCacheEvictor */ = {
			isa = PBXNativeTarget;
			buildConfigurationList = DB4B73AD2E7F62FC00757E30 /* Build configuration list for PBXNativeTarget "GPUCacheEvictor" */;
			buildPhases = (
				DB4B73842E7F62FA00757E30 /* Sources */,
				DB4B73852E7F62FA00757E30 /* Frameworks */,
				DB4B73862E7F62FA00757E30 /* Resources */,
			);
			buildRules = (
			);
			dependencies = (
			);
			fileSystemSynchronizedGroups = (
				DB4B738A2E7F62FA00757E30 /* GPUCacheEvictor */,
			);
			name = GPUCacheEvictor;
			packageProductDependencies = (
			);
			productName = GPUCacheEvictor;
			productReference = DB4B73882E7F62FA00757E30 /* GPUCacheEvictor.app */;
			productType = "com.apple.product-type.application";
		};
		DB4B73982E7F62FC00757E30 /* GPUCacheEvictorTests */ = {
			isa = PBXNativeTarget;
			buildConfigurationList = DB4B73B02E7F62FC00757E30 /* Build configuration list for PBXNativeTarget "GPUCacheEvictorTests" */;
			buildPhases = (
				DB4B73952E7F62FC00757E30 /* Sources */,
				DB4B73962E7F62FC00757E30 /* Frameworks */,
				DB4B73972E7F62FC00757E30 /* Resources */,
			);
			buildRules = (
			);
			dependencies = (
				DB4B739B2E7F62FC00757E30 /* PBXTargetDependency */,
			);
			fileSystemSynchronizedGroups = (
				DB4B739C2E7F62FC00757E30 /* GPUCacheEvictorTests */,
			);
			name = GPUCacheEvictorTests;
			packageProductDependencies = (
			);
			productName = GPUCacheEvictorTests;
			productReference = DB4B73992E7F62FC00757E30 /* GPUCacheEvictorTests.xctest */;
			productType = "com.apple.product-type.bundle.unit-test";
		};
		DB4B73A22E7F62FC00757E30 /* GPUCacheEvictorUITests */ = {
			isa = PBXNativeTarget;
			buildConfigurationList = DB4B73B32E7F62FC00757E30 /* Build configuration list for PBXNativeTarget "GPUCacheEvictorUITests" */;
			buildPhases = (
				DB4B739F2E7F62FC00757E30 /* Sources */,
				DB4B73A02E7F62FC00757E30 /* Frameworks */,
				DB4B73A12E7F62FC00757E30 /* Resources */,
			);
			buildRules = (
			);
			dependencies = (
				DB4B73A52E7F62FC00757E30 /* PBXTargetDependency */,
			);
			fileSystemSynchronizedGroups = (
				DB4B73A62E7F62FC00757E30 /* GPUCacheEvictorUITests */,
			);
			name = GPUCacheEvictorUITests;
			packageProductDependencies = (
			);
			productName = GPUCacheEvictorUITests;
			productReference = DB4B73A32E7F62FC00757E30 /* GPUCacheEvictorUITests.xctest */;
			productType = "com.apple.product-type.bundle.ui-testing";
		};
/* End PBXNativeTarget section */

/* Begin PBXProject section */
		DB4B73802E7F62FA00757E30 /* Project object */ = {
			isa = PBXProject;
			attributes = {
				BuildIndependentTargetsInParallel = 1;
				LastSwiftUpdateCheck = 1620;
				LastUpgradeCheck = 1620;
				TargetAttributes = {
					DB4B73872E7F62FA00757E30 = {
						CreatedOnToolsVersion = 16.2;
					};
					DB4B73982E7F62FC00757E30 = {
						CreatedOnToolsVersion = 16.2;
						TestTargetID = DB4B73872E7F62FA00757E30;
					};
					DB4B73A22E7F62FC00757E30 = {
						CreatedOnToolsVersion = 16.2;
						TestTargetID = DB4B73872E7F62FA00757E30;
					};
				};
			};
			buildConfigurationList = DB4B73832E7F62FA00757E30 /* Build configuration list for PBXProject "GPUCacheEvictor" */;
			developmentRegion = en;
			hasScannedForEncodings = 0;
			knownRegions = (
				en,
				Base,
			);
			mainGroup = DB4B737F2E7F62FA00757E30;
			minimizedProjectReferenceProxies = 1;
			preferredProjectObjectVersion = 77;
			productRefGroup = DB4B73892E7F62FA00757E30 /* Products */;
			projectDirPath = "";
			projectRoot = "";
			targets = (
				DB4B73872E7F62FA00757E30 /* GPUCacheEvictor */,
				DB4B73982E7F62FC00757E30 /* GPUCacheEvictorTests */,
				DB4B73A22E7F62FC00757E30 /* GPUCacheEvictorUITests */,
			);
		};
/* End PBXProject section */

/* Begin PBXResourcesBuildPhase section */
		DB4B73862E7F62FA00757E30 /* Resources */ = {
			isa = PBXResourcesBuildPhase;
			buildActionMask = 2147483647;
			files = (
			);
			runOnlyForDeploymentPostprocessing = 0;
		};
		DB4B73972E7F62FC00757E30 /* Resources */ = {
			isa = PBXResourcesBuildPhase;
			buildActionMask = 2147483647;
			files = (
			);
			runOnlyForDeploymentPostprocessing = 0;
		};
		DB4B73A12E7F62FC00757E30 /* Resources */ = {
			isa = PBXResourcesBuildPhase;
			buildActionMask = 2147483647;
			files = (
			);
			runOnlyForDeploymentPostprocessing = 0;
		};
/* End PBXResourcesBuildPhase section */

/* Begin PBXSourcesBuildPhase section */
		DB4B73842E7F62FA00757E30 /* Sources */ = {
			isa = PBXSourcesBuildPhase;
			buildActionMask = 2147483647;
			files = (
			);
			runOnlyForDeploymentPostprocessing = 0;
		};
		DB4B73952E7F62FC00757E30 /* Sources */ = {
			isa = PBXSourcesBuildPhase;
			buildActionMask = 2147483647;
			files = (
			);
			runOnlyForDeploymentPostprocessing = 0;
		};
		DB4B739F2E7F62FC00757E30 /* Sources */ = {
			isa = PBXSourcesBuildPhase;
			buildActionMask = 2147483647;
			files = (
			);
			runOnlyForDeploymentPostprocessing = 0;
		};
/* End PBXSourcesBuildPhase section */

/* Begin PBXTargetDependency section */
		DB4B739B2E7F62FC00757E30 /* PBXTargetDependency */ = {
			isa = PBXTargetDependency;
			target = DB4B73872E7F62FA00757E30 /* GPUCacheEvictor */;
			targetProxy = DB4B739A2E7F62FC00757E30 /* PBXContainerItemProxy */;
		};
		DB4B73A52E7F62FC00757E30 /* PBXTargetDependency */ = {
			isa = PBXTargetDependency;
			target = DB4B73872E7F62FA00757E30 /* GPUCacheEvictor */;
			targetProxy = DB4B73A42E7F62FC00757E30 /* PBXContainerItemProxy */;
		};
/* End PBXTargetDependency section */

/* Begin XCBuildConfiguration section */
		DB4B73AB2E7F62FC00757E30 /* Debug */ = {
			isa = XCBuildConfiguration;
			buildSettings = {
				ALWAYS_SEARCH_USER_PATHS = NO;
				ASSETCATALOG_COMPILER_GENERATE_SWIFT_ASSET_SYMBOL_EXTENSIONS = YES;
				CLANG_ANALYZER_NONNULL = YES;
				CLANG_ANALYZER_NUMBER_OBJECT_CONVERSION = YES_AGGRESSIVE;
				CLANG_CXX_LANGUAGE_STANDARD = "gnu++20";
				CLANG_ENABLE_MODULES = YES;
				CLANG_ENABLE_OBJC_ARC = YES;
				CLANG_ENABLE_OBJC_WEAK = YES;
				CLANG_WARN_BLOCK_CAPTURE_AUTORELEASING = YES;
				CLANG_WARN_BOOL_CONVERSION = YES;
				CLANG_WARN_COMMA = YES;
				CLANG_WARN_CONSTANT_CONVERSION = YES;
				CLANG_WARN_DEPRECATED_OBJC_IMPLEMENTATIONS = YES;
				CLANG_WARN_DIRECT_OBJC_ISA_USAGE = YES_ERROR;
				CLANG_WARN_DOCUMENTATION_COMMENTS = YES;
				CLANG_WARN_EMPTY_BODY = YES;
				CLANG_WARN_ENUM_CONVERSION = YES;
				CLANG_WARN_INFINITE_RECURSION = YES;
				CLANG_WARN_INT_CONVERSION = YES;
				CLANG_WARN_NON_LITERAL_NULL_CONVERSION = YES;
				CLANG_WARN_OBJC_IMPLICIT_RETAIN_SELF = YES;
				CLANG_WARN_OBJC_LITERAL_CONVERSION = YES;
				CLANG_WARN_OBJC_ROOT_CLASS = YES_ERROR;
				CLANG_WARN_QUOTED_INCLUDE_IN_FRAMEWORK_HEADER = YES;
				CLANG_WARN_RANGE_LOOP_ANALYSIS = YES;
				CLANG_WARN_STRICT_PROTOTYPES = YES;
				CLANG_WARN_SUSPICIOUS_MOVE = YES;
				CLANG_WARN_UNGUARDED_AVAILABILITY = YES_AGGRESSIVE;
				CLANG_WARN_UNREACHABLE_CODE = YES;
				CLANG_WARN__DUPLICATE_METHOD_MATCH = YES;
				COPY_PHASE_STRIP = NO;
				DEBUG_INFORMATION_FORMAT = dwarf;
				ENABLE_STRICT_OBJC_MSGSEND = YES;
				ENABLE_TESTABILITY = YES;
				ENABLE_USER_SCRIPT_SANDBOXING = YES;
				GCC_C_LANGUAGE_STANDARD = gnu17;
				GCC_DYNAMIC_NO_PIC = NO;
				GCC_NO_COMMON_BLOCKS = YES;
				GCC_OPTIMIZATION_LEVEL = 0;
				GCC_PREPROCESSOR_DEFINITIONS = (
					"DEBUG=1",
					"$(inherited)",
				);
				GCC_WARN_64_TO_32_BIT_CONVERSION = YES;
				GCC_WARN_ABOUT_RETURN_TYPE = YES_ERROR;
				GCC_WARN_UNDECLARED_SELECTOR = YES;
				GCC_WARN_UNINITIALIZED_AUTOS = YES_AGGRESSIVE;
				GCC_WARN_UNUSED_FUNCTION = YES;
				GCC_WARN_UNUSED_VARIABLE = YES;
				LOCALIZATION_PREFERS_STRING_CATALOGS = YES;
				MACOSX_DEPLOYMENT_TARGET = 14.6;
				MTL_ENABLE_DEBUG_INFO = INCLUDE_SOURCE;
				MTL_FAST_MATH = YES;
				ONLY_ACTIVE_ARCH = YES;
				SDKROOT = macosx;
				SWIFT_ACTIVE_COMPILATION_CONDITIONS = "DEBUG $(inherited)";
				SWIFT_OPTIMIZATION_LEVEL = "-Onone";
			};
			name = Debug;
		};
		DB4B73AC2E7F62FC00757E30 /* Release */ = {
			isa = XCBuildConfiguration;
			buildSettings = {
				ALWAYS_SEARCH_USER_PATHS = NO;
				ASSETCATALOG_COMPILER_GENERATE_SWIFT_ASSET_SYMBOL_EXTENSIONS = YES;
				CLANG_ANALYZER_NONNULL = YES;
				CLANG_ANALYZER_NUMBER_OBJECT_CONVERSION = YES_AGGRESSIVE;
				CLANG_CXX_LANGUAGE_STANDARD = "gnu++20";
				CLANG_ENABLE_MODULES = YES;
				CLANG_ENABLE_OBJC_ARC = YES;
				CLANG_ENABLE_OBJC_WEAK = YES;
				CLANG_WARN_BLOCK_CAPTURE_AUTORELEASING = YES;
				CLANG_WARN_BOOL_CONVERSION = YES;
				CLANG_WARN_COMMA = YES;
				CLANG_WARN_CONSTANT_CONVERSION = YES;
				CLANG_WARN_DEPRECATED_OBJC_IMPLEMENTATIONS = YES;
				CLANG_WARN_DIRECT_OBJC_ISA_USAGE = YES_ERROR;
				CLANG_WARN_DOCUMENTATION_COMMENTS = YES;
				CLANG_WARN_EMPTY_BODY = YES;
				CLANG_WARN_ENUM_CONVERSION = YES;
				CLANG_WARN_INFINITE_RECURSION = YES;
				CLANG_WARN_INT_CONVERSION = YES;
				CLANG_WARN_NON_LITERAL_NULL_CONVERSION = YES;
				CLANG_WARN_OBJC_IMPLICIT_RETAIN_SELF = YES;
				CLANG_WARN_OBJC_LITERAL_CONVERSION = YES;
				CLANG_WARN_OBJC_ROOT_CLASS = YES_ERROR;
				CLANG_WARN_QUOTED_INCLUDE_IN_FRAMEWORK_HEADER = YES;
				CLANG_WARN_RANGE_LOOP_ANALYSIS = YES;
				CLANG_WARN_STRICT_PROTOTYPES = YES;
				CLANG_WARN_SUSPICIOUS_MOVE = YES;
				CLANG_WARN_UNGUARDED_AVAILABILITY = YES_AGGRESSIVE;
				CLANG_WARN_UNREACHABLE_CODE = YES;
				CLANG_WARN__DUPLICATE_METHOD_MATCH = YES;
				COPY_PHASE_STRIP = NO;
				DEBUG_INFORMATION_FORMAT = "dwarf-with-dsym";
				ENABLE_NS_ASSERTIONS = NO;
				ENABLE_STRICT_OBJC_MSGSEND = YES;
				ENABLE_USER_SCRIPT_SANDBOXING = YES;
				GCC_C_LANGUAGE_STANDARD = gnu17;
				GCC_NO_COMMON_BLOCKS = YES;
				GCC_WARN_64_TO_32_BIT_CONVERSION = YES;
				GCC_WARN_ABOUT_RETURN_TYPE = YES_ERROR;
				GCC_WARN_UNDECLARED_SELECTOR = YES;
				GCC_WARN_UNINITIALIZED_AUTOS = YES_AGGRESSIVE;
				GCC_WARN_UNUSED_FUNCTION = YES;
				GCC_WARN_UNUSED_VARIABLE = YES;
				LOCALIZATION_PREFERS_STRING_CATALOGS = YES;
				MACOSX_DEPLOYMENT_TARGET = 14.6;
				MTL_ENABLE_DEBUG_INFO = NO;
				MTL_FAST_MATH = YES;
				SDKROOT = macosx;
				SWIFT_COMPILATION_MODE = wholemodule;
			};
			name = Release;
		};
		DB4B73AE2E7F62FC00757E30 /* Debug */ = {
			isa = XCBuildConfiguration;
			buildSettings = {
				ASSETCATALOG_COMPILER_APPICON_NAME = AppIcon;
				ASSETCATALOG_COMPILER_GLOBAL_ACCENT_COLOR_NAME = AccentColor;
				CODE_SIGN_ENTITLEMENTS = GPUCacheEvictor/GPUCacheEvictor.entitlements;
				CODE_SIGN_STYLE = Automatic;
				COMBINE_HIDPI_IMAGES = YES;
				CURRENT_PROJECT_VERSION = 1;
				DEVELOPMENT_ASSET_PATHS = "\"GPUCacheEvictor/Preview Content\"";
				ENABLE_PREVIEWS = YES;
				GENERATE_INFOPLIST_FILE = YES;
				INFOPLIST_KEY_NSHumanReadableCopyright = "";
				LD_RUNPATH_SEARCH_PATHS = (
					"$(inherited)",
					"@executable_path/../Frameworks",
				);
				MARKETING_VERSION = 1.0;
				PRODUCT_BUNDLE_IDENTIFIER = example.GPUCacheEvictor;
				PRODUCT_NAME = "$(TARGET_NAME)";
				SWIFT_EMIT_LOC_STRINGS = YES;
				SWIFT_VERSION = 5.0;
			};
			name = Debug;
		};
		DB4B73AF2E7F62FC00757E30 /* Release */ = {
			isa = XCBuildConfiguration;
			buildSettings = {
				ASSETCATALOG_COMPILER_APPICON_NAME = AppIcon;
				ASSETCATALOG_COMPILER_GLOBAL_ACCENT_COLOR_NAME = AccentColor;
				CODE_SIGN_ENTITLEMENTS = GPUCacheEvictor/GPUCacheEvictor.entitlements;
				CODE_SIGN_STYLE = Automatic;
				COMBINE_HIDPI_IMAGES = YES;
				CURRENT_PROJECT_VERSION = 1;
				DEVELOPMENT_ASSET_PATHS = "\"GPUCacheEvictor/Preview Content\"";
				ENABLE_PREVIEWS = YES;
				GENERATE_INFOPLIST_FILE = YES;
				INFOPLIST_KEY_NSHumanReadableCopyright = "";
				LD_RUNPATH_SEARCH_PATHS = (
					"$(inherited)",
					"@executable_path/../Frameworks",
				);
				MARKETING_VERSION = 1.0;
				PRODUCT_BUNDLE_IDENTIFIER = example.GPUCacheEvictor;
				PRODUCT_NAME = "$(TARGET_NAME)";
				SWIFT_EMIT_LOC_STRINGS = YES;
				SWIFT_VERSION = 5.0;
			};
			name = Release;
		};
		DB4B73B12E7F62FC00757E30 /* Debug */ = {
			isa = XCBuildConfiguration;
			buildSettings = {
				BUNDLE_LOADER = "$(TEST_HOST)";
				CODE_SIGN_STYLE = Automatic;
				CURRENT_PROJECT_VERSION = 1;
				GENERATE_INFOPLIST_FILE = YES;
				MACOSX_DEPLOYMENT_TARGET = 14.6;
				MARKETING_VERSION = 1.0;
				PRODUCT_BUNDLE_IDENTIFIER = example.GPUCacheEvictorTests;
				PRODUCT_NAME = "$(TARGET_NAME)";
				SWIFT_EMIT_LOC_STRINGS = NO;
				SWIFT_VERSION = 5.0;
				TEST_HOST = "$(BUILT_PRODUCTS_DIR)/GPUCacheEvictor.app/$(BUNDLE_EXECUTABLE_FOLDER_PATH)/GPUCacheEvictor";
			};
			name = Debug;
		};
		DB4B73B22E7F62FC00757E30 /* Release */ = {
			isa = XCBuildConfiguration;
			buildSettings = {
				BUNDLE_LOADER = "$(TEST_HOST)";
				CODE_SIGN_STYLE = Automatic;
				CURRENT_PROJECT_VERSION = 1;
				GENERATE_INFOPLIST_FILE = YES;
				MACOSX_DEPLOYMENT_TARGET = 14.6;
				MARKETING_VERSION = 1.0;
				PRODUCT_BUNDLE_IDENTIFIER = example.GPUCacheEvictorTests;
				PRODUCT_NAME = "$(TARGET_NAME)";
				SWIFT_EMIT_LOC_STRINGS = NO;
				SWIFT_VERSION = 5.0;
				TEST_HOST = "$(BUILT_PRODUCTS_DIR)/GPUCacheEvictor.app/$(BUNDLE_EXECUTABLE_FOLDER_PATH)/GPUCacheEvictor";
			};
			name = Release;
		};
		DB4B73B42E7F62FC00757E30 /* Debug */ = {
			isa = XCBuildConfiguration;
			buildSettings = {
				CODE_SIGN_STYLE = Automatic;
				CURRENT_PROJECT_VERSION = 1;
				GENERATE_INFOPLIST_FILE = YES;
				MARKETING_VERSION = 1.0;
				PRODUCT_BUNDLE_IDENTIFIER = example.GPUCacheEvictorUITests;
				PRODUCT_NAME = "$(TARGET_NAME)";
				SWIFT_EMIT_LOC_STRINGS = NO;
				SWIFT_VERSION = 5.0;
				TEST_TARGET_NAME = GPUCacheEvictor;
			};
			name = Debug;
		};
		DB4B73B52E7F62FC00757E30 /* Release */ = {
			isa = XCBuildConfiguration;
			buildSettings = {
				CODE_SIGN_STYLE = Automatic;
				CURRENT_PROJECT_VERSION = 1;
				GENERATE_INFOPLIST_FILE = YES;
				MARKETING_VERSION = 1.0;
				PRODUCT_BUNDLE_IDENTIFIER = example.GPUCacheEvictorUITests;
				PRODUCT_NAME = "$(TARGET_NAME)";
				SWIFT_EMIT_LOC_STRINGS = NO;
				SWIFT_VERSION = 5.0;
				TEST_TARGET_NAME = GPUCacheEvictor;
			};
			name = Release;
		};
/* End XCBuildConfiguration section */

/* Begin XCConfigurationList section */
		DB4B73832E7F62FA00757E30 /* Build configuration list for PBXProject "GPUCacheEvictor" */ = {
			isa = XCConfigurationList;
			buildConfigurations = (
				DB4B73AB2E7F62FC00757E30 /* Debug */,
				DB4B73AC2E7F62FC00757E30 /* Release */,
			);
			defaultConfigurationIsVisible = 0;
			defaultConfigurationName = Release;
		};
		DB4B73AD2E7F62FC00757E30 /* Build configuration list for PBXNativeTarget "GPUCacheEvictor" */ = {
			isa = XCConfigurationList;
			buildConfigurations = (
				DB4B73AE2E7F62FC00757E30 /* Debug */,
				DB4B73AF2E7F62FC00757E30 /* Release */,
			);
			defaultConfigurationIsVisible = 0;
			defaultConfigurationName = Release;
		};
		DB4B73B02E7F62FC00757E30 /* Build configuration list for PBXNativeTarget "GPUCacheEvictorTests" */ = {
			isa = XCConfigurationList;
			buildConfigurations = (
				DB4B73B12E7F62FC00757E30 /* Debug */,
				DB4B73B22E7F62FC00757E30 /* Release */,
			);
			defaultConfigurationIsVisible = 0;
			defaultConfigurationName = Release;
		};
		DB4B73B32E7F62FC00757E30 /* Build configuration list for PBXNativeTarget "GPUCacheEvictorUITests" */ = {
			isa = XCConfigurationList;
			buildConfigurations = (
				DB4B73B42E7F62FC00757E30 /* Debug */,
				DB4B73B52E7F62FC00757E30 /* Release */,
			);
			defaultConfigurationIsVisible = 0;
			defaultConfigurationName = Release;
		};
/* End XCConfigurationList section */
	};
	rootObject = DB4B73802E7F62FA00757E30 /* Project object */;
}
